// !$*UTF8*$!
{
	archiveVersion = 1;
	classes = {
	};
	objectVersion = 46;
	objects = {

/* Begin PBXBuildFile section */
		C8AAB2691C7633CE00376ED0 /* AppDelegate.swift in Sources */ = {isa = PBXBuildFile; fileRef = C8AAB2681C7633CE00376ED0 /* AppDelegate.swift */; };
		C8AAB26B1C7633CE00376ED0 /* ViewController.swift in Sources */ = {isa = PBXBuildFile; fileRef = C8AAB26A1C7633CE00376ED0 /* ViewController.swift */; };
		C8AAB26E1C7633CE00376ED0 /* Main.storyboard in Resources */ = {isa = PBXBuildFile; fileRef = C8AAB26C1C7633CE00376ED0 /* Main.storyboard */; };
		C8AAB2701C7633CE00376ED0 /* Assets.xcassets in Resources */ = {isa = PBXBuildFile; fileRef = C8AAB26F1C7633CE00376ED0 /* Assets.xcassets */; };
		C8AAB2731C7633CE00376ED0 /* LaunchScreen.storyboard in Resources */ = {isa = PBXBuildFile; fileRef = C8AAB2711C7633CE00376ED0 /* LaunchScreen.storyboard */; };
		C8AAB27C1C76343C00376ED0 /* Post.swift in Sources */ = {isa = PBXBuildFile; fileRef = C8AAB27B1C76343C00376ED0 /* Post.swift */; };
		C8AAB27F1C763CF300376ED0 /* PostCell.swift in Sources */ = {isa = PBXBuildFile; fileRef = C8AAB27E1C763CF300376ED0 /* PostCell.swift */; };
		C8AAB2821C7650D900376ED0 /* AddPostVC.swift in Sources */ = {isa = PBXBuildFile; fileRef = C8AAB2811C7650D900376ED0 /* AddPostVC.swift */; };
		C8AAB2861C765C4000376ED0 /* DataService.swift in Sources */ = {isa = PBXBuildFile; fileRef = C8AAB2851C765C4000376ED0 /* DataService.swift */; };
/* End PBXBuildFile section */

/* Begin PBXFileReference section */
		C8AAB2651C7633CE00376ED0 /* my-hood.app */ = {isa = PBXFileReference; explicitFileType = wrapper.application; includeInIndex = 0; path = "my-hood.app"; sourceTree = BUILT_PRODUCTS_DIR; };
		C8AAB2681C7633CE00376ED0 /* AppDelegate.swift */ = {isa = PBXFileReference; lastKnownFileType = sourcecode.swift; path = AppDelegate.swift; sourceTree = "<group>"; };
		C8AAB26A1C7633CE00376ED0 /* ViewController.swift */ = {isa = PBXFileReference; lastKnownFileType = sourcecode.swift; path = ViewController.swift; sourceTree = "<group>"; };
		C8AAB26D1C7633CE00376ED0 /* Base */ = {isa = PBXFileReference; lastKnownFileType = file.storyboard; name = Base; path = Base.lproj/Main.storyboard; sourceTree = "<group>"; };
		C8AAB26F1C7633CE00376ED0 /* Assets.xcassets */ = {isa = PBXFileReference; lastKnownFileType = folder.assetcatalog; path = Assets.xcassets; sourceTree = "<group>"; };
		C8AAB2721C7633CE00376ED0 /* Base */ = {isa = PBXFileReference; lastKnownFileType = file.storyboard; name = Base; path = Base.lproj/LaunchScreen.storyboard; sourceTree = "<group>"; };
		C8AAB2741C7633CE00376ED0 /* Info.plist */ = {isa = PBXFileReference; lastKnownFileType = text.plist.xml; path = Info.plist; sourceTree = "<group>"; };
		C8AAB27B1C76343C00376ED0 /* Post.swift */ = {isa = PBXFileReference; fileEncoding = 4; lastKnownFileType = sourcecode.swift; path = Post.swift; sourceTree = "<group>"; };
		C8AAB27E1C763CF300376ED0 /* PostCell.swift */ = {isa = PBXFileReference; fileEncoding = 4; lastKnownFileType = sourcecode.swift; path = PostCell.swift; sourceTree = "<group>"; };
		C8AAB2811C7650D900376ED0 /* AddPostVC.swift */ = {isa = PBXFileReference; fileEncoding = 4; lastKnownFileType = sourcecode.swift; path = AddPostVC.swift; sourceTree = "<group>"; };
		C8AAB2851C765C4000376ED0 /* DataService.swift */ = {isa = PBXFileReference; fileEncoding = 4; lastKnownFileType = sourcecode.swift; path = DataService.swift; sourceTree = "<group>"; };
/* End PBXFileReference section */

/* Begin PBXFrameworksBuildPhase section */
		C8AAB2621C7633CE00376ED0 /* Frameworks */ = {
			isa = PBXFrameworksBuildPhase;
			buildActionMask = 2147483647;
			files = (
			);
			runOnlyForDeploymentPostprocessing = 0;
		};
/* End PBXFrameworksBuildPhase section */

/* Begin PBXGroup section */
		C8AAB25C1C7633CE00376ED0 = {
			isa = PBXGroup;
			children = (
				C8AAB2671C7633CE00376ED0 /* my-hood */,
				C8AAB2661C7633CE00376ED0 /* Products */,
			);
			sourceTree = "<group>";
		};
		C8AAB2661C7633CE00376ED0 /* Products */ = {
			isa = PBXGroup;
			children = (
				C8AAB2651C7633CE00376ED0 /* my-hood.app */,
			);
			name = Products;
			sourceTree = "<group>";
		};
		C8AAB2671C7633CE00376ED0 /* my-hood */ = {
			isa = PBXGroup;
			children = (
				C8AAB2841C765C2100376ED0 /* Services */,
				C8AAB27A1C76342800376ED0 /* Model */,
				C8AAB27D1C763CCD00376ED0 /* View */,
				C8AAB2801C76509000376ED0 /* Controller */,
				C8AAB2681C7633CE00376ED0 /* AppDelegate.swift */,
				C8AAB26F1C7633CE00376ED0 /* Assets.xcassets */,
				C8AAB2741C7633CE00376ED0 /* Info.plist */,
			);
			path = "my-hood";
			sourceTree = "<group>";
		};
		C8AAB27A1C76342800376ED0 /* Model */ = {
			isa = PBXGroup;
			children = (
				C8AAB27B1C76343C00376ED0 /* Post.swift */,
			);
			name = Model;
			sourceTree = "<group>";
		};
		C8AAB27D1C763CCD00376ED0 /* View */ = {
			isa = PBXGroup;
			children = (
				C8AAB2711C7633CE00376ED0 /* LaunchScreen.storyboard */,
				C8AAB26C1C7633CE00376ED0 /* Main.storyboard */,
				C8AAB27E1C763CF300376ED0 /* PostCell.swift */,
			);
			name = View;
			sourceTree = "<group>";
		};
		C8AAB2801C76509000376ED0 /* Controller */ = {
			isa = PBXGroup;
			children = (
				C8AAB26A1C7633CE00376ED0 /* ViewController.swift */,
				C8AAB2811C7650D900376ED0 /* AddPostVC.swift */,
			);
			name = Controller;
			sourceTree = "<group>";
		};
		C8AAB2841C765C2100376ED0 /* Services */ = {
			isa = PBXGroup;
			children = (
				C8AAB2851C765C4000376ED0 /* DataService.swift */,
			);
			name = Services;
			sourceTree = "<group>";
		};
/* End PBXGroup section */

/* Begin PBXNativeTarget section */
		C8AAB2641C7633CE00376ED0 /* my-hood */ = {
			isa = PBXNativeTarget;
			buildConfigurationList = C8AAB2771C7633CE00376ED0 /* Build configuration list for PBXNativeTarget "my-hood" */;
			buildPhases = (
				C8AAB2611C7633CE00376ED0 /* Sources */,
				C8AAB2621C7633CE00376ED0 /* Frameworks */,
				C8AAB2631C7633CE00376ED0 /* Resources */,
			);
			buildRules = (
			);
			dependencies = (
			);
			name = "my-hood";
			productName = "my-hood";
			productReference = C8AAB2651C7633CE00376ED0 /* my-hood.app */;
			productType = "com.apple.product-type.application";
		};
/* End PBXNativeTarget section */

/* Begin PBXProject section */
		C8AAB25D1C7633CE00376ED0 /* Project object */ = {
			isa = PBXProject;
			attributes = {
				LastSwiftUpdateCheck = 0720;
				LastUpgradeCheck = 0720;
				ORGANIZATIONNAME = JustOneJess;
				TargetAttributes = {
					C8AAB2641C7633CE00376ED0 = {
						CreatedOnToolsVersion = 7.2.1;
					};
				};
			};
			buildConfigurationList = C8AAB2601C7633CE00376ED0 /* Build configuration list for PBXProject "my-hood" */;
			compatibilityVersion = "Xcode 3.2";
			developmentRegion = English;
			hasScannedForEncodings = 0;
			knownRegions = (
				en,
				Base,
			);
			mainGroup = C8AAB25C1C7633CE00376ED0;
			productRefGroup = C8AAB2661C7633CE00376ED0 /* Products */;
			projectDirPath = "";
			projectRoot = "";
			targets = (
				C8AAB2641C7633CE00376ED0 /* my-hood */,
			);
		};
/* End PBXProject section */

/* Begin PBXResourcesBuildPhase section */
		C8AAB2631C7633CE00376ED0 /* Resources */ = {
			isa = PBXResourcesBuildPhase;
			buildActionMask = 2147483647;
			files = (
				C8AAB2731C7633CE00376ED0 /* LaunchScreen.storyboard in Resources */,
				C8AAB2701C7633CE00376ED0 /* Assets.xcassets in Resources */,
				C8AAB26E1C7633CE00376ED0 /* Main.storyboard in Resources */,
			);
			runOnlyForDeploymentPostprocessing = 0;
		};
/* End PBXResourcesBuildPhase section */

/* Begin PBXSourcesBuildPhase section */
		C8AAB2611C7633CE00376ED0 /* Sources */ = {
			isa = PBXSourcesBuildPhase;
			buildActionMask = 2147483647;
			files = (
				C8AAB27C1C76343C00376ED0 /* Post.swift in Sources */,
				C8AAB26B1C7633CE00376ED0 /* ViewController.swift in Sources */,
				C8AAB2821C7650D900376ED0 /* AddPostVC.swift in Sources */,
				C8AAB2861C765C4000376ED0 /* DataService.swift in Sources */,
				C8AAB2691C7633CE00376ED0 /* AppDelegate.swift in Sources */,
				C8AAB27F1C763CF300376ED0 /* PostCell.swift in Sources */,
			);
			runOnlyForDeploymentPostprocessing = 0;
		};
/* End PBXSourcesBuildPhase section */

/* Begin PBXVariantGroup section */
		C8AAB26C1C7633CE00376ED0 /* Main.storyboard */ = {
			isa = PBXVariantGroup;
			children = (
				C8AAB26D1C7633CE00376ED0 /* Base */,
			);
			name = Main.storyboard;
			sourceTree = "<group>";
		};
		C8AAB2711C7633CE00376ED0 /* LaunchScreen.storyboard */ = {
			isa = PBXVariantGroup;
			children = (
				C8AAB2721C7633CE00376ED0 /* Base */,
			);
			name = LaunchScreen.storyboard;
			sourceTree = "<group>";
		};
/* End PBXVariantGroup section */

/* Begin XCBuildConfiguration section */
		C8AAB2751C7633CE00376ED0 /* Debug */ = {
			isa = XCBuildConfiguration;
			buildSettings = {
				ALWAYS_SEARCH_USER_PATHS = NO;
				CLANG_CXX_LANGUAGE_STANDARD = "gnu++0x";
				CLANG_CXX_LIBRARY = "libc++";
				CLANG_ENABLE_MODULES = YES;
				CLANG_ENABLE_OBJC_ARC = YES;
				CLANG_WARN_BOOL_CONVERSION = YES;
				CLANG_WARN_CONSTANT_CONVERSION = YES;
				CLANG_WARN_DIRECT_OBJC_ISA_USAGE = YES_ERROR;
				CLANG_WARN_EMPTY_BODY = YES;
				CLANG_WARN_ENUM_CONVERSION = YES;
				CLANG_WARN_INT_CONVERSION = YES;
				CLANG_WARN_OBJC_ROOT_CLASS = YES_ERROR;
				CLANG_WARN_UNREACHABLE_CODE = YES;
				CLANG_WARN__DUPLICATE_METHOD_MATCH = YES;
				"CODE_SIGN_IDENTITY[sdk=iphoneos*]" = "iPhone Developer";
				COPY_PHASE_STRIP = NO;
				DEBUG_INFORMATION_FORMAT = dwarf;
				ENABLE_STRICT_OBJC_MSGSEND = YES;
				ENABLE_TESTABILITY = YES;
				GCC_C_LANGUAGE_STANDARD = gnu99;
				GCC_DYNAMIC_NO_PIC = NO;
				GCC_NO_COMMON_BLOCKS = YES;
				GCC_OPTIMIZATION_LEVEL = 0;
				GCC_PREPROCESSOR_DEFINITIONS = (
					"DEBUG=1",
					"$(inherited)",
				);
				GCC_WARN_64_TO_32_BIT_CONVERSION = YES;
				GCC_WARN_ABOUT_RETURN_TYPE = YES_ERROR;
				GCC_WARN_UNDECLARED_SELECTOR = YES;
				GCC_WARN_UNINITIALIZED_AUTOS = YES_AGGRESSIVE;
				GCC_WARN_UNUSED_FUNCTION = YES;
				GCC_WARN_UNUSED_VARIABLE = YES;
				IPHONEOS_DEPLOYMENT_TARGET = 9.2;
				MTL_ENABLE_DEBUG_INFO = YES;
				ONLY_ACTIVE_ARCH = YES;
				SDKROOT = iphoneos;
				SWIFT_OPTIMIZATION_LEVEL = "-Onone";
				TARGETED_DEVICE_FAMILY = "1,2";
			};
			name = Debug;
		};
		C8AAB2761C7633CE00376ED0 /* Release */ = {
			isa = XCBuildConfiguration;
			buildSettings = {
				ALWAYS_SEARCH_USER_PATHS = NO;
				CLANG_CXX_LANGUAGE_STANDARD = "gnu++0x";
				CLANG_CXX_LIBRARY = "libc++";
				CLANG_ENABLE_MODULES = YES;
				CLANG_ENABLE_OBJC_ARC = YES;
				CLANG_WARN_BOOL_CONVERSION = YES;
				CLANG_WARN_CONSTANT_CONVERSION = YES;
				CLANG_WARN_DIRECT_OBJC_ISA_USAGE = YES_ERROR;
				CLANG_WARN_EMPTY_BODY = YES;
				CLANG_WARN_ENUM_CONVERSION = YES;
				CLANG_WARN_INT_CONVERSION = YES;
				CLANG_WARN_OBJC_ROOT_CLASS = YES_ERROR;
				CLANG_WARN_UNREACHABLE_CODE = YES;
				CLANG_WARN__DUPLICATE_METHOD_MATCH = YES;
				"CODE_SIGN_IDENTITY[sdk=iphoneos*]" = "iPhone Developer";
				COPY_PHASE_STRIP = NO;
				DEBUG_INFORMATION_FORMAT = "dwarf-with-dsym";
				ENABLE_NS_ASSERTIONS = NO;
				ENABLE_STRICT_OBJC_MSGSEND = YES;
				GCC_C_LANGUAGE_STANDARD = gnu99;
				GCC_NO_COMMON_BLOCKS = YES;
				GCC_WARN_64_TO_32_BIT_CONVERSION = YES;
				GCC_WARN_ABOUT_RETURN_TYPE = YES_ERROR;
				GCC_WARN_UNDECLARED_SELECTOR = YES;
				GCC_WARN_UNINITIALIZED_AUTOS = YES_AGGRESSIVE;
				GCC_WARN_UNUSED_FUNCTION = YES;
				GCC_WARN_UNUSED_VARIABLE = YES;
				IPHONEOS_DEPLOYMENT_TARGET = 9.2;
				MTL_ENABLE_DEBUG_INFO = NO;
				SDKROOT = iphoneos;
				TARGETED_DEVICE_FAMILY = "1,2";
				VALIDATE_PRODUCT = YES;
			};
			name = Release;
		};
		C8AAB2781C7633CE00376ED0 /* Debug */ = {
			isa = XCBuildConfiguration;
			buildSettings = {
				ASSETCATALOG_COMPILER_APPICON_NAME = AppIcon;
				INFOPLIST_FILE = "my-hood/Info.plist";
				LD_RUNPATH_SEARCH_PATHS = "$(inherited) @executable_path/Frameworks";
				PRODUCT_BUNDLE_IDENTIFIER = "com.justonejess.my-hood";
				PRODUCT_NAME = "$(TARGET_NAME)";
			};
			name = Debug;
		};
		C8AAB2791C7633CE00376ED0 /* Release */ = {
			isa = XCBuildConfiguration;
			buildSettings = {
				ASSETCATALOG_COMPILER_APPICON_NAME = AppIcon;
				INFOPLIST_FILE = "my-hood/Info.plist";
				LD_RUNPATH_SEARCH_PATHS = "$(inherited) @executable_path/Frameworks";
				PRODUCT_BUNDLE_IDENTIFIER = "com.justonejess.my-hood";
				PRODUCT_NAME = "$(TARGET_NAME)";
			};
			name = Release;
		};
/* End XCBuildConfiguration section */

/* Begin XCConfigurationList section */
		C8AAB2601C7633CE00376ED0 /* Build configuration list for PBXProject "my-hood" */ = {
			isa = XCConfigurationList;
			buildConfigurations = (
				C8AAB2751C7633CE00376ED0 /* Debug */,
				C8AAB2761C7633CE00376ED0 /* Release */,
			);
			defaultConfigurationIsVisible = 0;
			defaultConfigurationName = Release;
		};
		C8AAB2771C7633CE00376ED0 /* Build configuration list for PBXNativeTarget "my-hood" */ = {
			isa = XCConfigurationList;
			buildConfigurations = (
				C8AAB2781C7633CE00376ED0 /* Debug */,
				C8AAB2791C7633CE00376ED0 /* Release */,
			);
			defaultConfigurationIsVisible = 0;
		};
/* End XCConfigurationList section */
	};
	rootObject = C8AAB25D1C7633CE00376ED0 /* Project object */;
}
